
Microsoft Visual Studio Solution File, Format Version 12.00
# Visual Studio Version 17
VisualStudioVersion = 17.2.32616.157
MinimumVisualStudioVersion = 10.0.40219.1
Project("{FAE04EC0-301F-11D3-BF4B-00C04F79EFBC}") = "ModuloAutenticacao.Desktop", "ModuloAutenticacao.Desktop\ModuloAutenticacao.Desktop.csproj", "{4B110F11-C245-4CAD-80E1-B6D4BAC5C669}"
EndProject
Project("{FAE04EC0-301F-11D3-BF4B-00C04F79EFBC}") = "ModuloAutenticacao.Classes", "ModuloAutenticacao.Classes\ModuloAutenticacao.Classes.csproj", "{432BF37C-F4DE-4587-B8B3-56717EAD9120}"
EndProject
Global
	GlobalSection(SolutionConfigurationPlatforms) = preSolution
		Debug|Any CPU = Debug|Any CPU
		Release|Any CPU = Release|Any CPU
	EndGlobalSection
	GlobalSection(ProjectConfigurationPlatforms) = postSolution
		{4B110F11-C245-4CAD-80E1-B6D4BAC5C669}.Debug|Any CPU.ActiveCfg = Debug|Any CPU
		{4B110F11-C245-4CAD-80E1-B6D4BAC5C669}.Debug|Any CPU.Build.0 = Debug|Any CPU
		{4B110F11-C245-4CAD-80E1-B6D4BAC5C669}.Release|Any CPU.ActiveCfg = Release|Any CPU
		{4B110F11-C245-4CAD-80E1-B6D4BAC5C669}.Release|Any CPU.Build.0 = Release|Any CPU
		{432BF37C-F4DE-4587-B8B3-56717EAD9120}.Debug|Any CPU.ActiveCfg = Debug|Any CPU
		{432BF37C-F4DE-4587-B8B3-56717EAD9120}.Debug|Any CPU.Build.0 = Debug|Any CPU
		{432BF37C-F4DE-4587-B8B3-56717EAD9120}.Release|Any CPU.ActiveCfg = Release|Any CPU
		{432BF37C-F4DE-4587-B8B3-56717EAD9120}.Release|Any CPU.Build.0 = Release|Any CPU
	EndGlobalSection
	GlobalSection(SolutionProperties) = preSolution
		HideSolutionNode = FALSE
	EndGlobalSection
	GlobalSection(ExtensibilityGlobals) = postSolution
		SolutionGuid = {C408C6BB-27A2-4FF9-AB6C-1DD511B05491}
	EndGlobalSection
EndGlobal
